
Microsoft Visual Studio Solution File, Format Version 12.00
# Visual Studio Version 17
VisualStudioVersion = 17.5.002.0
MinimumVisualStudioVersion = 10.0.40219.1
Project("{9A19103F-16F7-4668-BE54-9A1E7A4F7556}") = "HotdogBackend", "HotdogBackend.csproj", "{599C3F4C-0363-4935-A45D-6EF2DC15EE1A}"
EndProject
Global
	GlobalSection(SolutionConfigurationPlatforms) = preSolution
		Debug|Any CPU = Debug|Any CPU
		Release|Any CPU = Release|Any CPU
	EndGlobalSection
	GlobalSection(ProjectConfigurationPlatforms) = postSolution
		{599C3F4C-0363-4935-A45D-6EF2DC15EE1A}.Debug|Any CPU.ActiveCfg = Debug|Any CPU
		{599C3F4C-0363-4935-A45D-6EF2DC15EE1A}.Debug|Any CPU.Build.0 = Debug|Any CPU
		{599C3F4C-0363-4935-A45D-6EF2DC15EE1A}.Release|Any CPU.ActiveCfg = Release|Any CPU
		{599C3F4C-0363-4935-A45D-6EF2DC15EE1A}.Release|Any CPU.Build.0 = Release|Any CPU
	EndGlobalSection
	GlobalSection(SolutionProperties) = preSolution
		HideSolutionNode = FALSE
	EndGlobalSection
	GlobalSection(ExtensibilityGlobals) = postSolution
		SolutionGuid = {0CFF213E-6DC2-4343-B6C2-AECA2B671A47}
	EndGlobalSection
EndGlobal
